
Microsoft Visual Studio Solution File, Format Version 12.00
# Visual Studio Version 17
VisualStudioVersion = 17.14.36414.22
MinimumVisualStudioVersion = 10.0.40219.1
Project("{FAE04EC0-301F-11D3-BF4B-00C04F79EFBC}") = "CRUDConsole", "CRUDConsole\CRUDConsole.csproj", "{09D1EC1D-8D53-46D0-B106-6422DF1400C8}"
EndProject
Project("{FAE04EC0-301F-11D3-BF4B-00C04F79EFBC}") = "BusinessLayer", "BusinessLayer\BusinessLayer.csproj", "{3E6EF7BE-D008-43A7-8D14-FB0A2958EFBB}"
EndProject
Project("{FAE04EC0-301F-11D3-BF4B-00C04F79EFBC}") = "DataAccessLayer", "DataAccessLayer\DataAccessLayer.csproj", "{081E75BA-C194-43CF-868E-E3AE05B956E1}"
EndProject
Global
	GlobalSection(SolutionConfigurationPlatforms) = preSolution
		Debug|Any CPU = Debug|Any CPU
		Release|Any CPU = Release|Any CPU
	EndGlobalSection
	GlobalSection(ProjectConfigurationPlatforms) = postSolution
		{09D1EC1D-8D53-46D0-B106-6422DF1400C8}.Debug|Any CPU.ActiveCfg = Debug|Any CPU
		{09D1EC1D-8D53-46D0-B106-6422DF1400C8}.Debug|Any CPU.Build.0 = Debug|Any CPU
		{09D1EC1D-8D53-46D0-B106-6422DF1400C8}.Release|Any CPU.ActiveCfg = Release|Any CPU
		{09D1EC1D-8D53-46D0-B106-6422DF1400C8}.Release|Any CPU.Build.0 = Release|Any CPU
		{3E6EF7BE-D008-43A7-8D14-FB0A2958EFBB}.Debug|Any CPU.ActiveCfg = Debug|Any CPU
		{3E6EF7BE-D008-43A7-8D14-FB0A2958EFBB}.Debug|Any CPU.Build.0 = Debug|Any CPU
		{3E6EF7BE-D008-43A7-8D14-FB0A2958EFBB}.Release|Any CPU.ActiveCfg = Release|Any CPU
		{3E6EF7BE-D008-43A7-8D14-FB0A2958EFBB}.Release|Any CPU.Build.0 = Release|Any CPU
		{081E75BA-C194-43CF-868E-E3AE05B956E1}.Debug|Any CPU.ActiveCfg = Debug|Any CPU
		{081E75BA-C194-43CF-868E-E3AE05B956E1}.Debug|Any CPU.Build.0 = Debug|Any CPU
		{081E75BA-C194-43CF-868E-E3AE05B956E1}.Release|Any CPU.ActiveCfg = Release|Any CPU
		{081E75BA-C194-43CF-868E-E3AE05B956E1}.Release|Any CPU.Build.0 = Release|Any CPU
	EndGlobalSection
	GlobalSection(SolutionProperties) = preSolution
		HideSolutionNode = FALSE
	EndGlobalSection
	GlobalSection(ExtensibilityGlobals) = postSolution
		SolutionGuid = {F3764460-89E0-4522-94EC-C1B515903203}
	EndGlobalSection
EndGlobal
